
Microsoft Visual Studio Solution File, Format Version 12.00
# Visual Studio Version 17
VisualStudioVersion = 17.5.33516.290
MinimumVisualStudioVersion = 10.0.40219.1
Project("{9A19103F-16F7-4668-BE54-9A1E7A4F7556}") = "SEW3_3_Value_Reference_Type", "SEW3_3_Value_Reference_Type\SEW3_3_Value_Reference_Type.csproj", "{51FCD1A7-07AF-4CE3-A524-F30F8AF6CF1B}"
EndProject
Project("{FAE04EC0-301F-11D3-BF4B-00C04F79EFBC}") = "SEW3_3_Nullable_datatypes", "SEW3_3_Nullable_datatypes\SEW3_3_Nullable_datatypes.csproj", "{6B36CFBD-CBF9-421D-959F-25E1FE7B9297}"
EndProject
Project("{FAE04EC0-301F-11D3-BF4B-00C04F79EFBC}") = "SEW3_3_Call_value_reference", "SEW3_3_Call_value_reference\SEW3_3_Call_value_reference.csproj", "{5A11BAC6-9956-4120-AA96-DB6904CFE1CC}"
EndProject
Global
	GlobalSection(SolutionConfigurationPlatforms) = preSolution
		Debug|Any CPU = Debug|Any CPU
		Release|Any CPU = Release|Any CPU
	EndGlobalSection
	GlobalSection(ProjectConfigurationPlatforms) = postSolution
		{51FCD1A7-07AF-4CE3-A524-F30F8AF6CF1B}.Debug|Any CPU.ActiveCfg = Debug|Any CPU
		{51FCD1A7-07AF-4CE3-A524-F30F8AF6CF1B}.Debug|Any CPU.Build.0 = Debug|Any CPU
		{51FCD1A7-07AF-4CE3-A524-F30F8AF6CF1B}.Release|Any CPU.ActiveCfg = Release|Any CPU
		{51FCD1A7-07AF-4CE3-A524-F30F8AF6CF1B}.Release|Any CPU.Build.0 = Release|Any CPU
		{6B36CFBD-CBF9-421D-959F-25E1FE7B9297}.Debug|Any CPU.ActiveCfg = Debug|Any CPU
		{6B36CFBD-CBF9-421D-959F-25E1FE7B9297}.Debug|Any CPU.Build.0 = Debug|Any CPU
		{6B36CFBD-CBF9-421D-959F-25E1FE7B9297}.Release|Any CPU.ActiveCfg = Release|Any CPU
		{6B36CFBD-CBF9-421D-959F-25E1FE7B9297}.Release|Any CPU.Build.0 = Release|Any CPU
		{5A11BAC6-9956-4120-AA96-DB6904CFE1CC}.Debug|Any CPU.ActiveCfg = Debug|Any CPU
		{5A11BAC6-9956-4120-AA96-DB6904CFE1CC}.Debug|Any CPU.Build.0 = Debug|Any CPU
		{5A11BAC6-9956-4120-AA96-DB6904CFE1CC}.Release|Any CPU.ActiveCfg = Release|Any CPU
		{5A11BAC6-9956-4120-AA96-DB6904CFE1CC}.Release|Any CPU.Build.0 = Release|Any CPU
	EndGlobalSection
	GlobalSection(SolutionProperties) = preSolution
		HideSolutionNode = FALSE
	EndGlobalSection
	GlobalSection(ExtensibilityGlobals) = postSolution
		SolutionGuid = {14E56A26-8CC1-4361-9056-1BDA2E54C672}
	EndGlobalSection
EndGlobal
